
Microsoft Visual Studio Solution File, Format Version 12.00
# Visual Studio Version 17
VisualStudioVersion = 17.10.34928.147
MinimumVisualStudioVersion = 10.0.40219.1
Project("{8BC9CEB8-8B4A-11D0-8D11-00A0C91BC942}") = "stdio_frame", "stdio_frame\stdio_frame.vcxproj", "{DFA6F00D-8B47-4AC4-B13A-CF574CA097DD}"
EndProject
Global
	GlobalSection(SolutionConfigurationPlatforms) = preSolution
		Debug|ARM = Debug|ARM
		Debug|ARM64 = Debug|ARM64
		Debug|x64 = Debug|x64
		Debug|x86 = Debug|x86
		Release|ARM = Release|ARM
		Release|ARM64 = Release|ARM64
		Release|x64 = Release|x64
		Release|x86 = Release|x86
	EndGlobalSection
	GlobalSection(ProjectConfigurationPlatforms) = postSolution
		{DFA6F00D-8B47-4AC4-B13A-CF574CA097DD}.Debug|ARM.ActiveCfg = Debug|ARM
		{DFA6F00D-8B47-4AC4-B13A-CF574CA097DD}.Debug|ARM.Build.0 = Debug|ARM
		{DFA6F00D-8B47-4AC4-B13A-CF574CA097DD}.Debug|ARM.Deploy.0 = Debug|ARM
		{DFA6F00D-8B47-4AC4-B13A-CF574CA097DD}.Debug|ARM64.ActiveCfg = Debug|ARM64
		{DFA6F00D-8B47-4AC4-B13A-CF574CA097DD}.Debug|ARM64.Build.0 = Debug|ARM64
		{DFA6F00D-8B47-4AC4-B13A-CF574CA097DD}.Debug|ARM64.Deploy.0 = Debug|ARM64
		{DFA6F00D-8B47-4AC4-B13A-CF574CA097DD}.Debug|x64.ActiveCfg = Debug|x64
		{DFA6F00D-8B47-4AC4-B13A-CF574CA097DD}.Debug|x64.Build.0 = Debug|x64
		{DFA6F00D-8B47-4AC4-B13A-CF574CA097DD}.Debug|x64.Deploy.0 = Debug|x64
		{DFA6F00D-8B47-4AC4-B13A-CF574CA097DD}.Debug|x86.ActiveCfg = Debug|x86
		{DFA6F00D-8B47-4AC4-B13A-CF574CA097DD}.Debug|x86.Build.0 = Debug|x86
		{DFA6F00D-8B47-4AC4-B13A-CF574CA097DD}.Debug|x86.Deploy.0 = Debug|x86
		{DFA6F00D-8B47-4AC4-B13A-CF574CA097DD}.Release|ARM.ActiveCfg = Release|ARM
		{DFA6F00D-8B47-4AC4-B13A-CF574CA097DD}.Release|ARM.Build.0 = Release|ARM
		{DFA6F00D-8B47-4AC4-B13A-CF574CA097DD}.Release|ARM.Deploy.0 = Release|ARM
		{DFA6F00D-8B47-4AC4-B13A-CF574CA097DD}.Release|ARM64.ActiveCfg = Release|ARM64
		{DFA6F00D-8B47-4AC4-B13A-CF574CA097DD}.Release|ARM64.Build.0 = Release|ARM64
		{DFA6F00D-8B47-4AC4-B13A-CF574CA097DD}.Release|ARM64.Deploy.0 = Release|ARM64
		{DFA6F00D-8B47-4AC4-B13A-CF574CA097DD}.Release|x64.ActiveCfg = Release|x64
		{DFA6F00D-8B47-4AC4-B13A-CF574CA097DD}.Release|x64.Build.0 = Release|x64
		{DFA6F00D-8B47-4AC4-B13A-CF574CA097DD}.Release|x64.Deploy.0 = Release|x64
		{DFA6F00D-8B47-4AC4-B13A-CF574CA097DD}.Release|x86.ActiveCfg = Release|x86
		{DFA6F00D-8B47-4AC4-B13A-CF574CA097DD}.Release|x86.Build.0 = Release|x86
		{DFA6F00D-8B47-4AC4-B13A-CF574CA097DD}.Release|x86.Deploy.0 = Release|x86
	EndGlobalSection
	GlobalSection(SolutionProperties) = preSolution
		HideSolutionNode = FALSE
	EndGlobalSection
	GlobalSection(ExtensibilityGlobals) = postSolution
		SolutionGuid = {772DB147-BA5A-43CF-936C-E9727C6C9D31}
	EndGlobalSection
EndGlobal
